
Microsoft Visual Studio Solution File, Format Version 12.00
# Visual Studio Version 17
VisualStudioVersion = 17.0.31903.59
MinimumVisualStudioVersion = 10.0.40219.1
Project("{2150E333-8FDC-42A3-9474-1A3956D46DE8}") = "src", "src", "{3A089508-ADD8-40B0-BE62-27DB01A46291}"
EndProject
Project("{FAE04EC0-301F-11D3-BF4B-00C04F79EFBC}") = "AuctionService", "src\AuctionService\AuctionService.csproj", "{056918F4-A0E1-443E-8BC9-31BFB74A02D2}"
EndProject
Project("{FAE04EC0-301F-11D3-BF4B-00C04F79EFBC}") = "SearchService", "src\SearchService\SearchService.csproj", "{DA21A1EA-40FE-4A04-A6AA-9ED0036650FB}"
EndProject
Project("{FAE04EC0-301F-11D3-BF4B-00C04F79EFBC}") = "Contracts", "src\Contracts\Contracts.csproj", "{7A65420B-4DCD-4629-B1AF-05A7E369EDB8}"
EndProject
Project("{FAE04EC0-301F-11D3-BF4B-00C04F79EFBC}") = "IdentityService", "src\IdentityService\IdentityService.csproj", "{2838DE3F-2868-48F1-96E8-B431B294A44A}"
EndProject
Project("{FAE04EC0-301F-11D3-BF4B-00C04F79EFBC}") = "GatewayService", "src\GatewayService\GatewayService.csproj", "{8F60D268-0031-49FA-ABB4-B50B70640269}"
EndProject
Project("{FAE04EC0-301F-11D3-BF4B-00C04F79EFBC}") = "BiddingService", "src\BiddingService\BiddingService.csproj", "{74CD9913-24A4-497E-8F9A-87D37FADC6B0}"
EndProject
Project("{FAE04EC0-301F-11D3-BF4B-00C04F79EFBC}") = "NotificationService", "src\NotificationService\NotificationService.csproj", "{95A381A0-CEBB-4BA5-AC3C-39C01631C105}"
EndProject
Global
	GlobalSection(SolutionConfigurationPlatforms) = preSolution
		Debug|Any CPU = Debug|Any CPU
		Release|Any CPU = Release|Any CPU
	EndGlobalSection
	GlobalSection(SolutionProperties) = preSolution
		HideSolutionNode = FALSE
	EndGlobalSection
	GlobalSection(ProjectConfigurationPlatforms) = postSolution
		{056918F4-A0E1-443E-8BC9-31BFB74A02D2}.Debug|Any CPU.ActiveCfg = Debug|Any CPU
		{056918F4-A0E1-443E-8BC9-31BFB74A02D2}.Debug|Any CPU.Build.0 = Debug|Any CPU
		{056918F4-A0E1-443E-8BC9-31BFB74A02D2}.Release|Any CPU.ActiveCfg = Release|Any CPU
		{056918F4-A0E1-443E-8BC9-31BFB74A02D2}.Release|Any CPU.Build.0 = Release|Any CPU
		{DA21A1EA-40FE-4A04-A6AA-9ED0036650FB}.Debug|Any CPU.ActiveCfg = Debug|Any CPU
		{DA21A1EA-40FE-4A04-A6AA-9ED0036650FB}.Debug|Any CPU.Build.0 = Debug|Any CPU
		{DA21A1EA-40FE-4A04-A6AA-9ED0036650FB}.Release|Any CPU.ActiveCfg = Release|Any CPU
		{DA21A1EA-40FE-4A04-A6AA-9ED0036650FB}.Release|Any CPU.Build.0 = Release|Any CPU
		{7A65420B-4DCD-4629-B1AF-05A7E369EDB8}.Debug|Any CPU.ActiveCfg = Debug|Any CPU
		{7A65420B-4DCD-4629-B1AF-05A7E369EDB8}.Debug|Any CPU.Build.0 = Debug|Any CPU
		{7A65420B-4DCD-4629-B1AF-05A7E369EDB8}.Release|Any CPU.ActiveCfg = Release|Any CPU
		{7A65420B-4DCD-4629-B1AF-05A7E369EDB8}.Release|Any CPU.Build.0 = Release|Any CPU
		{2838DE3F-2868-48F1-96E8-B431B294A44A}.Debug|Any CPU.ActiveCfg = Debug|Any CPU
		{2838DE3F-2868-48F1-96E8-B431B294A44A}.Debug|Any CPU.Build.0 = Debug|Any CPU
		{2838DE3F-2868-48F1-96E8-B431B294A44A}.Release|Any CPU.ActiveCfg = Release|Any CPU
		{2838DE3F-2868-48F1-96E8-B431B294A44A}.Release|Any CPU.Build.0 = Release|Any CPU
		{8F60D268-0031-49FA-ABB4-B50B70640269}.Debug|Any CPU.ActiveCfg = Debug|Any CPU
		{8F60D268-0031-49FA-ABB4-B50B70640269}.Debug|Any CPU.Build.0 = Debug|Any CPU
		{8F60D268-0031-49FA-ABB4-B50B70640269}.Release|Any CPU.ActiveCfg = Release|Any CPU
		{8F60D268-0031-49FA-ABB4-B50B70640269}.Release|Any CPU.Build.0 = Release|Any CPU
		{74CD9913-24A4-497E-8F9A-87D37FADC6B0}.Debug|Any CPU.ActiveCfg = Debug|Any CPU
		{74CD9913-24A4-497E-8F9A-87D37FADC6B0}.Debug|Any CPU.Build.0 = Debug|Any CPU
		{74CD9913-24A4-497E-8F9A-87D37FADC6B0}.Release|Any CPU.ActiveCfg = Release|Any CPU
		{74CD9913-24A4-497E-8F9A-87D37FADC6B0}.Release|Any CPU.Build.0 = Release|Any CPU
		{95A381A0-CEBB-4BA5-AC3C-39C01631C105}.Debug|Any CPU.ActiveCfg = Debug|Any CPU
		{95A381A0-CEBB-4BA5-AC3C-39C01631C105}.Debug|Any CPU.Build.0 = Debug|Any CPU
		{95A381A0-CEBB-4BA5-AC3C-39C01631C105}.Release|Any CPU.ActiveCfg = Release|Any CPU
		{95A381A0-CEBB-4BA5-AC3C-39C01631C105}.Release|Any CPU.Build.0 = Release|Any CPU
	EndGlobalSection
	GlobalSection(NestedProjects) = preSolution
		{056918F4-A0E1-443E-8BC9-31BFB74A02D2} = {3A089508-ADD8-40B0-BE62-27DB01A46291}
		{DA21A1EA-40FE-4A04-A6AA-9ED0036650FB} = {3A089508-ADD8-40B0-BE62-27DB01A46291}
		{7A65420B-4DCD-4629-B1AF-05A7E369EDB8} = {3A089508-ADD8-40B0-BE62-27DB01A46291}
		{2838DE3F-2868-48F1-96E8-B431B294A44A} = {3A089508-ADD8-40B0-BE62-27DB01A46291}
		{8F60D268-0031-49FA-ABB4-B50B70640269} = {3A089508-ADD8-40B0-BE62-27DB01A46291}
		{74CD9913-24A4-497E-8F9A-87D37FADC6B0} = {3A089508-ADD8-40B0-BE62-27DB01A46291}
		{95A381A0-CEBB-4BA5-AC3C-39C01631C105} = {3A089508-ADD8-40B0-BE62-27DB01A46291}
	EndGlobalSection
EndGlobal
